
Microsoft Visual Studio Solution File, Format Version 12.00
# Visual Studio Version 16
VisualStudioVersion = 16.0.29326.143
MinimumVisualStudioVersion = 10.0.40219.1
Project("{2150E333-8FDC-42A3-9474-1A3956D46DE8}") = "1 View", "1 View", "{595FFAF2-8DDA-4399-AB74-59585A4B1613}"
EndProject
Project("{2150E333-8FDC-42A3-9474-1A3956D46DE8}") = "2 Logic", "2 Logic", "{EEE51982-A0CB-40C0-8109-9EEC039612A8}"
EndProject
Project("{2150E333-8FDC-42A3-9474-1A3956D46DE8}") = "3 Infrastructure", "3 Infrastructure", "{AD51E26D-72B9-4D7C-A08A-588C08B6ECE6}"
EndProject
Project("{2150E333-8FDC-42A3-9474-1A3956D46DE8}") = "5 Integration Tests", "5 Integration Tests", "{7EFEE909-1AD1-42D3-AA15-4B0642A4CF88}"
EndProject
Project("{9A19103F-16F7-4668-BE54-9A1E7A4F7556}") = "DickinsonBros.AccountAPI.Logic", "DickinsonBros.AccountAPI.Logic\DickinsonBros.AccountAPI.Logic.csproj", "{72EFFF99-F47C-4A66-A1A6-0B53E3F61283}"
EndProject
Project("{9A19103F-16F7-4668-BE54-9A1E7A4F7556}") = "DickinsonBros.AccountAPI.Infrastructure", "DickinsonBros.AccountAPI.Infrastructure\DickinsonBros.AccountAPI.Infrastructure.csproj", "{ED26D8A6-93BB-4934-9353-4781345BDB7C}"
EndProject
Project("{9A19103F-16F7-4668-BE54-9A1E7A4F7556}") = "DickinsonBros.AccountAPI.IntegrationTests", "DickinsonBros.AccountAPI.IntegrationTests\DickinsonBros.AccountAPI.IntegrationTests.csproj", "{D26DF477-F796-4533-A3A3-9D11D19B6E39}"
EndProject
Project("{9A19103F-16F7-4668-BE54-9A1E7A4F7556}") = "DickinsonBros.AccountAPI.View", "DickinsonBros.AccountAPI.View\DickinsonBros.AccountAPI.View.csproj", "{0D1B1CD2-4FD9-4FED-94F2-5EB06763D405}"
EndProject
Project("{9A19103F-16F7-4668-BE54-9A1E7A4F7556}") = "DickinsonBros.AccountAPI.View.Tests", "DickinsonBros.AccountAPI.View.Tests\DickinsonBros.AccountAPI.View.Tests.csproj", "{B7FC3389-F01F-4226-A5EE-E3CC2E962A9D}"
EndProject
Project("{9A19103F-16F7-4668-BE54-9A1E7A4F7556}") = "DickinsonBros.AccountAPI.Logic.Tests", "DickinsonBros.AccountAPI.Logic.Tests\DickinsonBros.AccountAPI.Logic.Tests.csproj", "{6F4BA309-AD69-46AF-8F9F-88BA96E16C8A}"
EndProject
Project("{9A19103F-16F7-4668-BE54-9A1E7A4F7556}") = "DickinsonBros.AccountAPI.Infrastructure.Tests", "DickinsonBros.AccountAPI.Infrastructure.Tests\DickinsonBros.AccountAPI.Infrastructure.Tests.csproj", "{68D63823-7BED-4EC8-9724-3CE3D88FDEBA}"
EndProject
Project("{2150E333-8FDC-42A3-9474-1A3956D46DE8}") = "4 Database", "4 Database", "{E3D44A3E-F8DE-4BED-ABC6-2EC856A3829C}"
EndProject
Project("{00D1A9C2-B5F0-4AF3-8072-F6C62B433612}") = "DickinsonBros.AccountAPI.SQL", "DickinsonBros.AccountAPI.SQL\DickinsonBros.AccountAPI.SQL.sqlproj", "{6E89F904-85D6-490C-AEF2-B296E9BA79C2}"
EndProject
Project("{2150E333-8FDC-42A3-9474-1A3956D46DE8}") = "Solution Items", "Solution Items", "{CC302BC3-8A27-4838-9CB0-06F833168BC5}"
	ProjectSection(SolutionItems) = preProject
		.editorconfig = .editorconfig
	EndProjectSection
EndProject
Global
	GlobalSection(SolutionConfigurationPlatforms) = preSolution
		DEBUG|Any CPU = DEBUG|Any CPU
		DEV|Any CPU = DEV|Any CPU
		PROD|Any CPU = PROD|Any CPU
		TEST|Any CPU = TEST|Any CPU
	EndGlobalSection
	GlobalSection(ProjectConfigurationPlatforms) = postSolution
		{72EFFF99-F47C-4A66-A1A6-0B53E3F61283}.DEBUG|Any CPU.ActiveCfg = Debug|Any CPU
		{72EFFF99-F47C-4A66-A1A6-0B53E3F61283}.DEBUG|Any CPU.Build.0 = Debug|Any CPU
		{72EFFF99-F47C-4A66-A1A6-0B53E3F61283}.DEV|Any CPU.ActiveCfg = Debug|Any CPU
		{72EFFF99-F47C-4A66-A1A6-0B53E3F61283}.DEV|Any CPU.Build.0 = Debug|Any CPU
		{72EFFF99-F47C-4A66-A1A6-0B53E3F61283}.PROD|Any CPU.ActiveCfg = Release|Any CPU
		{72EFFF99-F47C-4A66-A1A6-0B53E3F61283}.PROD|Any CPU.Build.0 = Release|Any CPU
		{72EFFF99-F47C-4A66-A1A6-0B53E3F61283}.TEST|Any CPU.ActiveCfg = Release|Any CPU
		{72EFFF99-F47C-4A66-A1A6-0B53E3F61283}.TEST|Any CPU.Build.0 = Release|Any CPU
		{ED26D8A6-93BB-4934-9353-4781345BDB7C}.DEBUG|Any CPU.ActiveCfg = Debug|Any CPU
		{ED26D8A6-93BB-4934-9353-4781345BDB7C}.DEBUG|Any CPU.Build.0 = Debug|Any CPU
		{ED26D8A6-93BB-4934-9353-4781345BDB7C}.DEV|Any CPU.ActiveCfg = Debug|Any CPU
		{ED26D8A6-93BB-4934-9353-4781345BDB7C}.DEV|Any CPU.Build.0 = Debug|Any CPU
		{ED26D8A6-93BB-4934-9353-4781345BDB7C}.PROD|Any CPU.ActiveCfg = Release|Any CPU
		{ED26D8A6-93BB-4934-9353-4781345BDB7C}.PROD|Any CPU.Build.0 = Release|Any CPU
		{ED26D8A6-93BB-4934-9353-4781345BDB7C}.TEST|Any CPU.ActiveCfg = Release|Any CPU
		{ED26D8A6-93BB-4934-9353-4781345BDB7C}.TEST|Any CPU.Build.0 = Release|Any CPU
		{D26DF477-F796-4533-A3A3-9D11D19B6E39}.DEBUG|Any CPU.ActiveCfg = Debug|Any CPU
		{D26DF477-F796-4533-A3A3-9D11D19B6E39}.DEBUG|Any CPU.Build.0 = Debug|Any CPU
		{D26DF477-F796-4533-A3A3-9D11D19B6E39}.DEV|Any CPU.ActiveCfg = Debug|Any CPU
		{D26DF477-F796-4533-A3A3-9D11D19B6E39}.PROD|Any CPU.ActiveCfg = Release|Any CPU
		{D26DF477-F796-4533-A3A3-9D11D19B6E39}.PROD|Any CPU.Build.0 = Release|Any CPU
		{D26DF477-F796-4533-A3A3-9D11D19B6E39}.TEST|Any CPU.ActiveCfg = Release|Any CPU
		{0D1B1CD2-4FD9-4FED-94F2-5EB06763D405}.DEBUG|Any CPU.ActiveCfg = Debug|Any CPU
		{0D1B1CD2-4FD9-4FED-94F2-5EB06763D405}.DEBUG|Any CPU.Build.0 = Debug|Any CPU
		{0D1B1CD2-4FD9-4FED-94F2-5EB06763D405}.DEV|Any CPU.ActiveCfg = Debug|Any CPU
		{0D1B1CD2-4FD9-4FED-94F2-5EB06763D405}.DEV|Any CPU.Build.0 = Debug|Any CPU
		{0D1B1CD2-4FD9-4FED-94F2-5EB06763D405}.PROD|Any CPU.ActiveCfg = Release|Any CPU
		{0D1B1CD2-4FD9-4FED-94F2-5EB06763D405}.PROD|Any CPU.Build.0 = Release|Any CPU
		{0D1B1CD2-4FD9-4FED-94F2-5EB06763D405}.TEST|Any CPU.ActiveCfg = Release|Any CPU
		{0D1B1CD2-4FD9-4FED-94F2-5EB06763D405}.TEST|Any CPU.Build.0 = Release|Any CPU
		{B7FC3389-F01F-4226-A5EE-E3CC2E962A9D}.DEBUG|Any CPU.ActiveCfg = Debug|Any CPU
		{B7FC3389-F01F-4226-A5EE-E3CC2E962A9D}.DEBUG|Any CPU.Build.0 = Debug|Any CPU
		{B7FC3389-F01F-4226-A5EE-E3CC2E962A9D}.DEV|Any CPU.ActiveCfg = Debug|Any CPU
		{B7FC3389-F01F-4226-A5EE-E3CC2E962A9D}.DEV|Any CPU.Build.0 = Debug|Any CPU
		{B7FC3389-F01F-4226-A5EE-E3CC2E962A9D}.PROD|Any CPU.ActiveCfg = Release|Any CPU
		{B7FC3389-F01F-4226-A5EE-E3CC2E962A9D}.PROD|Any CPU.Build.0 = Release|Any CPU
		{B7FC3389-F01F-4226-A5EE-E3CC2E962A9D}.TEST|Any CPU.ActiveCfg = Release|Any CPU
		{B7FC3389-F01F-4226-A5EE-E3CC2E962A9D}.TEST|Any CPU.Build.0 = Release|Any CPU
		{6F4BA309-AD69-46AF-8F9F-88BA96E16C8A}.DEBUG|Any CPU.ActiveCfg = Debug|Any CPU
		{6F4BA309-AD69-46AF-8F9F-88BA96E16C8A}.DEBUG|Any CPU.Build.0 = Debug|Any CPU
		{6F4BA309-AD69-46AF-8F9F-88BA96E16C8A}.DEV|Any CPU.ActiveCfg = Debug|Any CPU
		{6F4BA309-AD69-46AF-8F9F-88BA96E16C8A}.DEV|Any CPU.Build.0 = Debug|Any CPU
		{6F4BA309-AD69-46AF-8F9F-88BA96E16C8A}.PROD|Any CPU.ActiveCfg = Release|Any CPU
		{6F4BA309-AD69-46AF-8F9F-88BA96E16C8A}.PROD|Any CPU.Build.0 = Release|Any CPU
		{6F4BA309-AD69-46AF-8F9F-88BA96E16C8A}.TEST|Any CPU.ActiveCfg = Release|Any CPU
		{6F4BA309-AD69-46AF-8F9F-88BA96E16C8A}.TEST|Any CPU.Build.0 = Release|Any CPU
		{68D63823-7BED-4EC8-9724-3CE3D88FDEBA}.DEBUG|Any CPU.ActiveCfg = Debug|Any CPU
		{68D63823-7BED-4EC8-9724-3CE3D88FDEBA}.DEBUG|Any CPU.Build.0 = Debug|Any CPU
		{68D63823-7BED-4EC8-9724-3CE3D88FDEBA}.DEV|Any CPU.ActiveCfg = Debug|Any CPU
		{68D63823-7BED-4EC8-9724-3CE3D88FDEBA}.PROD|Any CPU.ActiveCfg = Release|Any CPU
		{68D63823-7BED-4EC8-9724-3CE3D88FDEBA}.PROD|Any CPU.Build.0 = Release|Any CPU
		{68D63823-7BED-4EC8-9724-3CE3D88FDEBA}.TEST|Any CPU.ActiveCfg = Release|Any CPU
		{6E89F904-85D6-490C-AEF2-B296E9BA79C2}.DEBUG|Any CPU.ActiveCfg = Debug|Any CPU
		{6E89F904-85D6-490C-AEF2-B296E9BA79C2}.DEBUG|Any CPU.Build.0 = Debug|Any CPU
		{6E89F904-85D6-490C-AEF2-B296E9BA79C2}.DEV|Any CPU.ActiveCfg = Debug|Any CPU
		{6E89F904-85D6-490C-AEF2-B296E9BA79C2}.DEV|Any CPU.Build.0 = Debug|Any CPU
		{6E89F904-85D6-490C-AEF2-B296E9BA79C2}.PROD|Any CPU.ActiveCfg = Release|Any CPU
		{6E89F904-85D6-490C-AEF2-B296E9BA79C2}.PROD|Any CPU.Build.0 = Release|Any CPU
		{6E89F904-85D6-490C-AEF2-B296E9BA79C2}.TEST|Any CPU.ActiveCfg = Release|Any CPU
		{6E89F904-85D6-490C-AEF2-B296E9BA79C2}.TEST|Any CPU.Build.0 = Release|Any CPU
	EndGlobalSection
	GlobalSection(SolutionProperties) = preSolution
		HideSolutionNode = FALSE
	EndGlobalSection
	GlobalSection(NestedProjects) = preSolution
		{72EFFF99-F47C-4A66-A1A6-0B53E3F61283} = {EEE51982-A0CB-40C0-8109-9EEC039612A8}
		{ED26D8A6-93BB-4934-9353-4781345BDB7C} = {AD51E26D-72B9-4D7C-A08A-588C08B6ECE6}
		{D26DF477-F796-4533-A3A3-9D11D19B6E39} = {7EFEE909-1AD1-42D3-AA15-4B0642A4CF88}
		{0D1B1CD2-4FD9-4FED-94F2-5EB06763D405} = {595FFAF2-8DDA-4399-AB74-59585A4B1613}
		{B7FC3389-F01F-4226-A5EE-E3CC2E962A9D} = {595FFAF2-8DDA-4399-AB74-59585A4B1613}
		{6F4BA309-AD69-46AF-8F9F-88BA96E16C8A} = {EEE51982-A0CB-40C0-8109-9EEC039612A8}
		{68D63823-7BED-4EC8-9724-3CE3D88FDEBA} = {AD51E26D-72B9-4D7C-A08A-588C08B6ECE6}
		{6E89F904-85D6-490C-AEF2-B296E9BA79C2} = {E3D44A3E-F8DE-4BED-ABC6-2EC856A3829C}
	EndGlobalSection
	GlobalSection(ExtensibilityGlobals) = postSolution
		SolutionGuid = {E14F43D7-01EE-4E05-83A7-46C16F2AC041}
	EndGlobalSection
EndGlobal
